// !$*UTF8*$!
{
	archiveVersion = 1;
	classes = {
	};
	objectVersion = 56;
	objects = {

/* Begin PBXBuildFile section */
		28E0884F7B0D98691A6FD7BF /* Pods_Resturants.framework in Frameworks */ = {isa = PBXBuildFile; fileRef = 338B6AC4DD0531F5E7268D31 /* Pods_Resturants.framework */; };
		4625A17D2B98D8B000C763DD /* FrameFilterCell.swift in Sources */ = {isa = PBXBuildFile; fileRef = 4625A17B2B98D8B000C763DD /* FrameFilterCell.swift */; };
		4625A17E2B98D8B000C763DD /* FrameFilterCell.xib in Resources */ = {isa = PBXBuildFile; fileRef = 4625A17C2B98D8B000C763DD /* FrameFilterCell.xib */; };
		4626306D2B995E5D00A4E7D1 /* CameraLiveCapture.swift in Sources */ = {isa = PBXBuildFile; fileRef = 4626306C2B995E5D00A4E7D1 /* CameraLiveCapture.swift */; };
		4626306F2B99632900A4E7D1 /* CameraVC.swift in Sources */ = {isa = PBXBuildFile; fileRef = 4626306E2B99632900A4E7D1 /* CameraVC.swift */; };
		462630712B9A11F000A4E7D1 /* VIdeoCapture.swift in Sources */ = {isa = PBXBuildFile; fileRef = 462630702B9A11F000A4E7D1 /* VIdeoCapture.swift */; };
		462630782B9AA2E100A4E7D1 /* FilterCamViewCOntroller.swift in Sources */ = {isa = PBXBuildFile; fileRef = 462630772B9AA2E100A4E7D1 /* FilterCamViewCOntroller.swift */; };
		4626307B2B9AA36F00A4E7D1 /* RecorderError.swift in Sources */ = {isa = PBXBuildFile; fileRef = 4626307A2B9AA36F00A4E7D1 /* RecorderError.swift */; };
		4626307D2B9AA38F00A4E7D1 /* RecorderDelegate.swift in Sources */ = {isa = PBXBuildFile; fileRef = 4626307C2B9AA38F00A4E7D1 /* RecorderDelegate.swift */; };
		4626307F2B9AA3B800A4E7D1 /* Capture.swift in Sources */ = {isa = PBXBuildFile; fileRef = 4626307E2B9AA3B800A4E7D1 /* Capture.swift */; };
		462630812B9AA3D600A4E7D1 /* CaptureError.swift in Sources */ = {isa = PBXBuildFile; fileRef = 462630802B9AA3D600A4E7D1 /* CaptureError.swift */; };
		462630832B9AA3ED00A4E7D1 /* Composer.swift in Sources */ = {isa = PBXBuildFile; fileRef = 462630822B9AA3ED00A4E7D1 /* Composer.swift */; };
		462630852B9AA40700A4E7D1 /* FrameRateCalculator.swift in Sources */ = {isa = PBXBuildFile; fileRef = 462630842B9AA40700A4E7D1 /* FrameRateCalculator.swift */; };
		46C4A0972B93245300F27C8F /* FilterCCell.swift in Sources */ = {isa = PBXBuildFile; fileRef = 46C4A0952B93245300F27C8F /* FilterCCell.swift */; };
		46C4A0982B93245300F27C8F /* FilterCCell.xib in Resources */ = {isa = PBXBuildFile; fileRef = 46C4A0962B93245300F27C8F /* FilterCCell.xib */; };
		46C4A09A2B93290100F27C8F /* VideoEditor.swift in Sources */ = {isa = PBXBuildFile; fileRef = 46C4A0992B93290100F27C8F /* VideoEditor.swift */; };
		46C820F92B930179007E543F /* EditVideoVC.swift in Sources */ = {isa = PBXBuildFile; fileRef = 46C820F82B930179007E543F /* EditVideoVC.swift */; };
		7119F63A2B8B7DFF00FA8579 /* VideoRecordingVC.swift in Sources */ = {isa = PBXBuildFile; fileRef = 7119F6392B8B7DFF00FA8579 /* VideoRecordingVC.swift */; };
		7131D9952B92CCC4005DE42E /* CameraConfiguration.swift in Sources */ = {isa = PBXBuildFile; fileRef = 7131D9942B92CCC4005DE42E /* CameraConfiguration.swift */; };
		7131D9972B92D766005DE42E /* GoogleService-Info.plist in Resources */ = {isa = PBXBuildFile; fileRef = 7131D9962B92D765005DE42E /* GoogleService-Info.plist */; };
		7144BD512B6E983100767374 /* HomeVC.swift in Sources */ = {isa = PBXBuildFile; fileRef = 7144BD502B6E983100767374 /* HomeVC.swift */; };
		7144BD542B6EA0CC00767374 /* MenuVC.swift in Sources */ = {isa = PBXBuildFile; fileRef = 7144BD532B6EA0CC00767374 /* MenuVC.swift */; };
		714B0F6C2B696F7800570578 /* SelectionVC.swift in Sources */ = {isa = PBXBuildFile; fileRef = 714B0F6B2B696F7800570578 /* SelectionVC.swift */; };
		714B0F702B69703B00570578 /* SelectioTCell.swift in Sources */ = {isa = PBXBuildFile; fileRef = 714B0F6E2B69703A00570578 /* SelectioTCell.swift */; };
		714B0F712B69703B00570578 /* SelectioTCell.xib in Resources */ = {isa = PBXBuildFile; fileRef = 714B0F6F2B69703A00570578 /* SelectioTCell.xib */; };
		715166422B598537007CE092 /* LoginVC.swift in Sources */ = {isa = PBXBuildFile; fileRef = 715166412B598537007CE092 /* LoginVC.swift */; };
		715166442B5985E1007CE092 /* CrtProfile1VC.swift in Sources */ = {isa = PBXBuildFile; fileRef = 715166432B5985E1007CE092 /* CrtProfile1VC.swift */; };
		715166462B598903007CE092 /* CrtProfile2VC.swift in Sources */ = {isa = PBXBuildFile; fileRef = 715166452B598903007CE092 /* CrtProfile2VC.swift */; };
		715166482B598961007CE092 /* CrtProfile3VC.swift in Sources */ = {isa = PBXBuildFile; fileRef = 715166472B598961007CE092 /* CrtProfile3VC.swift */; };
		7151664A2B598972007CE092 /* CrtProfile4VC.swift in Sources */ = {isa = PBXBuildFile; fileRef = 715166492B598972007CE092 /* CrtProfile4VC.swift */; };
		7151664C2B598989007CE092 /* CrtProfile5VC.swift in Sources */ = {isa = PBXBuildFile; fileRef = 7151664B2B598989007CE092 /* CrtProfile5VC.swift */; };
		7151664E2B598CF0007CE092 /* ResetPasswordVC.swift in Sources */ = {isa = PBXBuildFile; fileRef = 7151664D2B598CF0007CE092 /* ResetPasswordVC.swift */; };
		7151DD762B6EB58D001B3018 /* LoginNC.swift in Sources */ = {isa = PBXBuildFile; fileRef = 7151DD752B6EB58D001B3018 /* LoginNC.swift */; };
		7153888B2B5998BC006D682F /* CreatAccntVC.swift in Sources */ = {isa = PBXBuildFile; fileRef = 7153888A2B5998BC006D682F /* CreatAccntVC.swift */; };
		7153888D2B59A368006D682F /* TabbarController.storyboard in Resources */ = {isa = PBXBuildFile; fileRef = 7153888C2B59A368006D682F /* TabbarController.storyboard */; };
		7153888F2B59A381006D682F /* Home.storyboard in Resources */ = {isa = PBXBuildFile; fileRef = 7153888E2B59A381006D682F /* Home.storyboard */; };
		715388912B59A3B5006D682F /* Search.storyboard in Resources */ = {isa = PBXBuildFile; fileRef = 715388902B59A3B5006D682F /* Search.storyboard */; };
		715388932B59A3D2006D682F /* Add.storyboard in Resources */ = {isa = PBXBuildFile; fileRef = 715388922B59A3D2006D682F /* Add.storyboard */; };
		715388952B59A3E1006D682F /* Video.storyboard in Resources */ = {isa = PBXBuildFile; fileRef = 715388942B59A3E1006D682F /* Video.storyboard */; };
		715388972B59A3EF006D682F /* Profile.storyboard in Resources */ = {isa = PBXBuildFile; fileRef = 715388962B59A3EF006D682F /* Profile.storyboard */; };
		716D49962B570CD40077F47D /* Inter-VariableFont_slnt,wght.ttf in Resources */ = {isa = PBXBuildFile; fileRef = 716D49952B570CD40077F47D /* Inter-VariableFont_slnt,wght.ttf */; };
		716F6FDD2B5ADD5A00049C1C /* TabbarController.swift in Sources */ = {isa = PBXBuildFile; fileRef = 716F6FDC2B5ADD5A00049C1C /* TabbarController.swift */; };
		716F6FDF2B5ADDC900049C1C /* CustomTabBar.swift in Sources */ = {isa = PBXBuildFile; fileRef = 716F6FDE2B5ADDC900049C1C /* CustomTabBar.swift */; };
		71B3DC702B55A93D00A3615F /* AppDelegate.swift in Sources */ = {isa = PBXBuildFile; fileRef = 71B3DC6F2B55A93D00A3615F /* AppDelegate.swift */; };
		71B3DC722B55A93D00A3615F /* SceneDelegate.swift in Sources */ = {isa = PBXBuildFile; fileRef = 71B3DC712B55A93D00A3615F /* SceneDelegate.swift */; };
		71B3DC792B55A94000A3615F /* Assets.xcassets in Resources */ = {isa = PBXBuildFile; fileRef = 71B3DC782B55A94000A3615F /* Assets.xcassets */; };
		71B3DC7C2B55A94000A3615F /* LaunchScreen.storyboard in Resources */ = {isa = PBXBuildFile; fileRef = 71B3DC7A2B55A94000A3615F /* LaunchScreen.storyboard */; };
		71B3DC902B55AFC000A3615F /* Manager.swift in Sources */ = {isa = PBXBuildFile; fileRef = 71B3DC8F2B55AFC000A3615F /* Manager.swift */; };
		71B3DC922B55AFF900A3615F /* Constant.swift in Sources */ = {isa = PBXBuildFile; fileRef = 71B3DC912B55AFF900A3615F /* Constant.swift */; };
		71B3DC942B55B08000A3615F /* UserDefults.swift in Sources */ = {isa = PBXBuildFile; fileRef = 71B3DC932B55B08000A3615F /* UserDefults.swift */; };
		71B3DC962B55B0F100A3615F /* BaseStrings.swift in Sources */ = {isa = PBXBuildFile; fileRef = 71B3DC952B55B0F100A3615F /* BaseStrings.swift */; };
		71B3DC982B55B15300A3615F /* Controller+Extension.swift in Sources */ = {isa = PBXBuildFile; fileRef = 71B3DC972B55B15300A3615F /* Controller+Extension.swift */; };
		71B3DC9A2B55B17400A3615F /* UIColor+Extension.swift in Sources */ = {isa = PBXBuildFile; fileRef = 71B3DC992B55B17400A3615F /* UIColor+Extension.swift */; };
		71B3DC9C2B55B19C00A3615F /* UIView+Extension.swift in Sources */ = {isa = PBXBuildFile; fileRef = 71B3DC9B2B55B19C00A3615F /* UIView+Extension.swift */; };
		71B3DC9E2B55B1B500A3615F /* BaseClass.swift in Sources */ = {isa = PBXBuildFile; fileRef = 71B3DC9D2B55B1B500A3615F /* BaseClass.swift */; };
		71B3DCA02B55B1F100A3615F /* BaseViewModel.swift in Sources */ = {isa = PBXBuildFile; fileRef = 71B3DC9F2B55B1F100A3615F /* BaseViewModel.swift */; };
		71B3DCA22B55B20A00A3615F /* String+extension.swift in Sources */ = {isa = PBXBuildFile; fileRef = 71B3DCA12B55B20A00A3615F /* String+extension.swift */; };
		71B3DCA52B55B25800A3615F /* Auth.storyboard in Resources */ = {isa = PBXBuildFile; fileRef = 71B3DCA42B55B25800A3615F /* Auth.storyboard */; };
		71C6A9C92B694CF200E19808 /* CollectionCell.swift in Sources */ = {isa = PBXBuildFile; fileRef = 71C6A9C72B694CF200E19808 /* CollectionCell.swift */; };
		71C6A9CA2B694CF200E19808 /* CollectionCell.xib in Resources */ = {isa = PBXBuildFile; fileRef = 71C6A9C82B694CF200E19808 /* CollectionCell.xib */; };
		71C6A9CE2B695F3300E19808 /* AddDataCell.swift in Sources */ = {isa = PBXBuildFile; fileRef = 71C6A9CC2B695F3300E19808 /* AddDataCell.swift */; };
		71C6A9CF2B695F3300E19808 /* AddDataCell.xib in Resources */ = {isa = PBXBuildFile; fileRef = 71C6A9CD2B695F3300E19808 /* AddDataCell.xib */; };
/* End PBXBuildFile section */

/* Begin PBXFileReference section */
		0765EEAB37660B15C93D653F /* Pods-Resturants.debug.xcconfig */ = {isa = PBXFileReference; includeInIndex = 1; lastKnownFileType = text.xcconfig; name = "Pods-Resturants.debug.xcconfig"; path = "Target Support Files/Pods-Resturants/Pods-Resturants.debug.xcconfig"; sourceTree = "<group>"; };
		338B6AC4DD0531F5E7268D31 /* Pods_Resturants.framework */ = {isa = PBXFileReference; explicitFileType = wrapper.framework; includeInIndex = 0; path = Pods_Resturants.framework; sourceTree = BUILT_PRODUCTS_DIR; };
		4625A17B2B98D8B000C763DD /* FrameFilterCell.swift */ = {isa = PBXFileReference; lastKnownFileType = sourcecode.swift; path = FrameFilterCell.swift; sourceTree = "<group>"; };
		4625A17C2B98D8B000C763DD /* FrameFilterCell.xib */ = {isa = PBXFileReference; lastKnownFileType = file.xib; path = FrameFilterCell.xib; sourceTree = "<group>"; };
		4626306C2B995E5D00A4E7D1 /* CameraLiveCapture.swift */ = {isa = PBXFileReference; lastKnownFileType = sourcecode.swift; path = CameraLiveCapture.swift; sourceTree = "<group>"; };
		4626306E2B99632900A4E7D1 /* CameraVC.swift */ = {isa = PBXFileReference; lastKnownFileType = sourcecode.swift; path = CameraVC.swift; sourceTree = "<group>"; };
		462630702B9A11F000A4E7D1 /* VIdeoCapture.swift */ = {isa = PBXFileReference; lastKnownFileType = sourcecode.swift; path = VIdeoCapture.swift; sourceTree = "<group>"; };
		462630772B9AA2E100A4E7D1 /* FilterCamViewCOntroller.swift */ = {isa = PBXFileReference; lastKnownFileType = sourcecode.swift; path = FilterCamViewCOntroller.swift; sourceTree = "<group>"; };
		4626307A2B9AA36F00A4E7D1 /* RecorderError.swift */ = {isa = PBXFileReference; lastKnownFileType = sourcecode.swift; path = RecorderError.swift; sourceTree = "<group>"; };
		4626307C2B9AA38F00A4E7D1 /* RecorderDelegate.swift */ = {isa = PBXFileReference; lastKnownFileType = sourcecode.swift; path = RecorderDelegate.swift; sourceTree = "<group>"; };
		4626307E2B9AA3B800A4E7D1 /* Capture.swift */ = {isa = PBXFileReference; lastKnownFileType = sourcecode.swift; path = Capture.swift; sourceTree = "<group>"; };
		462630802B9AA3D600A4E7D1 /* CaptureError.swift */ = {isa = PBXFileReference; lastKnownFileType = sourcecode.swift; path = CaptureError.swift; sourceTree = "<group>"; };
		462630822B9AA3ED00A4E7D1 /* Composer.swift */ = {isa = PBXFileReference; lastKnownFileType = sourcecode.swift; path = Composer.swift; sourceTree = "<group>"; };
		462630842B9AA40700A4E7D1 /* FrameRateCalculator.swift */ = {isa = PBXFileReference; lastKnownFileType = sourcecode.swift; path = FrameRateCalculator.swift; sourceTree = "<group>"; };
		46C4A0952B93245300F27C8F /* FilterCCell.swift */ = {isa = PBXFileReference; lastKnownFileType = sourcecode.swift; path = FilterCCell.swift; sourceTree = "<group>"; };
		46C4A0962B93245300F27C8F /* FilterCCell.xib */ = {isa = PBXFileReference; lastKnownFileType = file.xib; path = FilterCCell.xib; sourceTree = "<group>"; };
		46C4A0992B93290100F27C8F /* VideoEditor.swift */ = {isa = PBXFileReference; lastKnownFileType = sourcecode.swift; path = VideoEditor.swift; sourceTree = "<group>"; };
		46C820F82B930179007E543F /* EditVideoVC.swift */ = {isa = PBXFileReference; lastKnownFileType = sourcecode.swift; path = EditVideoVC.swift; sourceTree = "<group>"; };
		7119F6392B8B7DFF00FA8579 /* VideoRecordingVC.swift */ = {isa = PBXFileReference; lastKnownFileType = sourcecode.swift; path = VideoRecordingVC.swift; sourceTree = "<group>"; };
		7131D9942B92CCC4005DE42E /* CameraConfiguration.swift */ = {isa = PBXFileReference; lastKnownFileType = sourcecode.swift; path = CameraConfiguration.swift; sourceTree = "<group>"; };
		7131D9962B92D765005DE42E /* GoogleService-Info.plist */ = {isa = PBXFileReference; fileEncoding = 4; lastKnownFileType = text.plist.xml; path = "GoogleService-Info.plist"; sourceTree = "<group>"; };
		7144BD502B6E983100767374 /* HomeVC.swift */ = {isa = PBXFileReference; lastKnownFileType = sourcecode.swift; path = HomeVC.swift; sourceTree = "<group>"; };
		7144BD532B6EA0CC00767374 /* MenuVC.swift */ = {isa = PBXFileReference; lastKnownFileType = sourcecode.swift; path = MenuVC.swift; sourceTree = "<group>"; };
		714B0F6B2B696F7800570578 /* SelectionVC.swift */ = {isa = PBXFileReference; lastKnownFileType = sourcecode.swift; path = SelectionVC.swift; sourceTree = "<group>"; };
		714B0F6E2B69703A00570578 /* SelectioTCell.swift */ = {isa = PBXFileReference; lastKnownFileType = sourcecode.swift; path = SelectioTCell.swift; sourceTree = "<group>"; };
		714B0F6F2B69703A00570578 /* SelectioTCell.xib */ = {isa = PBXFileReference; lastKnownFileType = file.xib; path = SelectioTCell.xib; sourceTree = "<group>"; };
		715166412B598537007CE092 /* LoginVC.swift */ = {isa = PBXFileReference; lastKnownFileType = sourcecode.swift; path = LoginVC.swift; sourceTree = "<group>"; };
		715166432B5985E1007CE092 /* CrtProfile1VC.swift */ = {isa = PBXFileReference; lastKnownFileType = sourcecode.swift; path = CrtProfile1VC.swift; sourceTree = "<group>"; };
		715166452B598903007CE092 /* CrtProfile2VC.swift */ = {isa = PBXFileReference; lastKnownFileType = sourcecode.swift; path = CrtProfile2VC.swift; sourceTree = "<group>"; };
		715166472B598961007CE092 /* CrtProfile3VC.swift */ = {isa = PBXFileReference; lastKnownFileType = sourcecode.swift; path = CrtProfile3VC.swift; sourceTree = "<group>"; };
		715166492B598972007CE092 /* CrtProfile4VC.swift */ = {isa = PBXFileReference; lastKnownFileType = sourcecode.swift; path = CrtProfile4VC.swift; sourceTree = "<group>"; };
		7151664B2B598989007CE092 /* CrtProfile5VC.swift */ = {isa = PBXFileReference; lastKnownFileType = sourcecode.swift; path = CrtProfile5VC.swift; sourceTree = "<group>"; };
		7151664D2B598CF0007CE092 /* ResetPasswordVC.swift */ = {isa = PBXFileReference; lastKnownFileType = sourcecode.swift; path = ResetPasswordVC.swift; sourceTree = "<group>"; };
		7151DD752B6EB58D001B3018 /* LoginNC.swift */ = {isa = PBXFileReference; lastKnownFileType = sourcecode.swift; path = LoginNC.swift; sourceTree = "<group>"; };
		7153888A2B5998BC006D682F /* CreatAccntVC.swift */ = {isa = PBXFileReference; lastKnownFileType = sourcecode.swift; path = CreatAccntVC.swift; sourceTree = "<group>"; };
		7153888C2B59A368006D682F /* TabbarController.storyboard */ = {isa = PBXFileReference; lastKnownFileType = file.storyboard; path = TabbarController.storyboard; sourceTree = "<group>"; };
		7153888E2B59A381006D682F /* Home.storyboard */ = {isa = PBXFileReference; lastKnownFileType = file.storyboard; path = Home.storyboard; sourceTree = "<group>"; };
		715388902B59A3B5006D682F /* Search.storyboard */ = {isa = PBXFileReference; lastKnownFileType = file.storyboard; path = Search.storyboard; sourceTree = "<group>"; };
		715388922B59A3D2006D682F /* Add.storyboard */ = {isa = PBXFileReference; lastKnownFileType = file.storyboard; path = Add.storyboard; sourceTree = "<group>"; };
		715388942B59A3E1006D682F /* Video.storyboard */ = {isa = PBXFileReference; lastKnownFileType = file.storyboard; path = Video.storyboard; sourceTree = "<group>"; };
		715388962B59A3EF006D682F /* Profile.storyboard */ = {isa = PBXFileReference; lastKnownFileType = file.storyboard; path = Profile.storyboard; sourceTree = "<group>"; };
		716D49952B570CD40077F47D /* Inter-VariableFont_slnt,wght.ttf */ = {isa = PBXFileReference; lastKnownFileType = file; name = "Inter-VariableFont_slnt,wght.ttf"; path = "Assets(Figma)/Inter/Inter-VariableFont_slnt,wght.ttf"; sourceTree = SOURCE_ROOT; };
		716F6FDC2B5ADD5A00049C1C /* TabbarController.swift */ = {isa = PBXFileReference; lastKnownFileType = sourcecode.swift; path = TabbarController.swift; sourceTree = "<group>"; };
		716F6FDE2B5ADDC900049C1C /* CustomTabBar.swift */ = {isa = PBXFileReference; lastKnownFileType = sourcecode.swift; path = CustomTabBar.swift; sourceTree = "<group>"; };
		71B3DC6C2B55A93D00A3615F /* Resturants.app */ = {isa = PBXFileReference; explicitFileType = wrapper.application; includeInIndex = 0; path = Resturants.app; sourceTree = BUILT_PRODUCTS_DIR; };
		71B3DC6F2B55A93D00A3615F /* AppDelegate.swift */ = {isa = PBXFileReference; lastKnownFileType = sourcecode.swift; path = AppDelegate.swift; sourceTree = "<group>"; };
		71B3DC712B55A93D00A3615F /* SceneDelegate.swift */ = {isa = PBXFileReference; lastKnownFileType = sourcecode.swift; path = SceneDelegate.swift; sourceTree = "<group>"; };
		71B3DC782B55A94000A3615F /* Assets.xcassets */ = {isa = PBXFileReference; lastKnownFileType = folder.assetcatalog; path = Assets.xcassets; sourceTree = "<group>"; };
		71B3DC7B2B55A94000A3615F /* Base */ = {isa = PBXFileReference; lastKnownFileType = file.storyboard; name = Base; path = Base.lproj/LaunchScreen.storyboard; sourceTree = "<group>"; };
		71B3DC7D2B55A94000A3615F /* Info.plist */ = {isa = PBXFileReference; lastKnownFileType = text.plist.xml; path = Info.plist; sourceTree = "<group>"; };
		71B3DC8F2B55AFC000A3615F /* Manager.swift */ = {isa = PBXFileReference; lastKnownFileType = sourcecode.swift; path = Manager.swift; sourceTree = "<group>"; };
		71B3DC912B55AFF900A3615F /* Constant.swift */ = {isa = PBXFileReference; lastKnownFileType = sourcecode.swift; path = Constant.swift; sourceTree = "<group>"; };
		71B3DC932B55B08000A3615F /* UserDefults.swift */ = {isa = PBXFileReference; lastKnownFileType = sourcecode.swift; path = UserDefults.swift; sourceTree = "<group>"; };
		71B3DC952B55B0F100A3615F /* BaseStrings.swift */ = {isa = PBXFileReference; lastKnownFileType = sourcecode.swift; path = BaseStrings.swift; sourceTree = "<group>"; };
		71B3DC972B55B15300A3615F /* Controller+Extension.swift */ = {isa = PBXFileReference; lastKnownFileType = sourcecode.swift; path = "Controller+Extension.swift"; sourceTree = "<group>"; };
		71B3DC992B55B17400A3615F /* UIColor+Extension.swift */ = {isa = PBXFileReference; lastKnownFileType = sourcecode.swift; path = "UIColor+Extension.swift"; sourceTree = "<group>"; };
		71B3DC9B2B55B19C00A3615F /* UIView+Extension.swift */ = {isa = PBXFileReference; lastKnownFileType = sourcecode.swift; path = "UIView+Extension.swift"; sourceTree = "<group>"; };
		71B3DC9D2B55B1B500A3615F /* BaseClass.swift */ = {isa = PBXFileReference; lastKnownFileType = sourcecode.swift; path = BaseClass.swift; sourceTree = "<group>"; };
		71B3DC9F2B55B1F100A3615F /* BaseViewModel.swift */ = {isa = PBXFileReference; lastKnownFileType = sourcecode.swift; path = BaseViewModel.swift; sourceTree = "<group>"; };
		71B3DCA12B55B20A00A3615F /* String+extension.swift */ = {isa = PBXFileReference; lastKnownFileType = sourcecode.swift; path = "String+extension.swift"; sourceTree = "<group>"; };
		71B3DCA42B55B25800A3615F /* Auth.storyboard */ = {isa = PBXFileReference; lastKnownFileType = file.storyboard; path = Auth.storyboard; sourceTree = "<group>"; };
		71C6A9C72B694CF200E19808 /* CollectionCell.swift */ = {isa = PBXFileReference; lastKnownFileType = sourcecode.swift; path = CollectionCell.swift; sourceTree = "<group>"; };
		71C6A9C82B694CF200E19808 /* CollectionCell.xib */ = {isa = PBXFileReference; lastKnownFileType = file.xib; path = CollectionCell.xib; sourceTree = "<group>"; };
		71C6A9CC2B695F3300E19808 /* AddDataCell.swift */ = {isa = PBXFileReference; lastKnownFileType = sourcecode.swift; path = AddDataCell.swift; sourceTree = "<group>"; };
		71C6A9CD2B695F3300E19808 /* AddDataCell.xib */ = {isa = PBXFileReference; lastKnownFileType = file.xib; path = AddDataCell.xib; sourceTree = "<group>"; };
		99FFE8AA8B5C10B05EE45574 /* Pods-Resturants.release.xcconfig */ = {isa = PBXFileReference; includeInIndex = 1; lastKnownFileType = text.xcconfig; name = "Pods-Resturants.release.xcconfig"; path = "Target Support Files/Pods-Resturants/Pods-Resturants.release.xcconfig"; sourceTree = "<group>"; };
/* End PBXFileReference section */

/* Begin PBXFrameworksBuildPhase section */
		71B3DC692B55A93D00A3615F /* Frameworks */ = {
			isa = PBXFrameworksBuildPhase;
			buildActionMask = 2147483647;
			files = (
				28E0884F7B0D98691A6FD7BF /* Pods_Resturants.framework in Frameworks */,
			);
			runOnlyForDeploymentPostprocessing = 0;
		};
/* End PBXFrameworksBuildPhase section */

/* Begin PBXGroup section */
		17CA4BF1533BA9C394426D57 /* Frameworks */ = {
			isa = PBXGroup;
			children = (
				338B6AC4DD0531F5E7268D31 /* Pods_Resturants.framework */,
			);
			name = Frameworks;
			sourceTree = "<group>";
		};
		2A7CB6FEFDE89927A55B648F /* Pods */ = {
			isa = PBXGroup;
			children = (
				0765EEAB37660B15C93D653F /* Pods-Resturants.debug.xcconfig */,
				99FFE8AA8B5C10B05EE45574 /* Pods-Resturants.release.xcconfig */,
			);
			path = Pods;
			sourceTree = "<group>";
		};
		462630792B9AA2F600A4E7D1 /* CameraDelegate */ = {
			isa = PBXGroup;
			children = (
				462630772B9AA2E100A4E7D1 /* FilterCamViewCOntroller.swift */,
				4626307A2B9AA36F00A4E7D1 /* RecorderError.swift */,
				4626307C2B9AA38F00A4E7D1 /* RecorderDelegate.swift */,
				4626307E2B9AA3B800A4E7D1 /* Capture.swift */,
				462630802B9AA3D600A4E7D1 /* CaptureError.swift */,
				462630822B9AA3ED00A4E7D1 /* Composer.swift */,
				462630842B9AA40700A4E7D1 /* FrameRateCalculator.swift */,
			);
			path = CameraDelegate;
			sourceTree = "<group>";
		};
		46C4A0942B93240E00F27C8F /* FilterCCell */ = {
			isa = PBXGroup;
			children = (
				46C4A0952B93245300F27C8F /* FilterCCell.swift */,
				46C4A0962B93245300F27C8F /* FilterCCell.xib */,
			);
			path = FilterCCell;
			sourceTree = "<group>";
		};
		7144BD522B6EA0A000767374 /* HomeTab */ = {
			isa = PBXGroup;
			children = (
				7144BD502B6E983100767374 /* HomeVC.swift */,
				7144BD532B6EA0CC00767374 /* MenuVC.swift */,
				7119F6392B8B7DFF00FA8579 /* VideoRecordingVC.swift */,
				46C820F82B930179007E543F /* EditVideoVC.swift */,
				4626306E2B99632900A4E7D1 /* CameraVC.swift */,
			);
			path = HomeTab;
			sourceTree = "<group>";
		};
		714B0F6D2B69700700570578 /* selectionTCell */ = {
			isa = PBXGroup;
			children = (
				714B0F6E2B69703A00570578 /* SelectioTCell.swift */,
				714B0F6F2B69703A00570578 /* SelectioTCell.xib */,
			);
			path = selectionTCell;
			sourceTree = "<group>";
		};
		716F6FDA2B5ADD2400049C1C /* Auth */ = {
			isa = PBXGroup;
			children = (
				715166412B598537007CE092 /* LoginVC.swift */,
				715166432B5985E1007CE092 /* CrtProfile1VC.swift */,
				715166452B598903007CE092 /* CrtProfile2VC.swift */,
				715166472B598961007CE092 /* CrtProfile3VC.swift */,
				715166492B598972007CE092 /* CrtProfile4VC.swift */,
				7151664B2B598989007CE092 /* CrtProfile5VC.swift */,
				7151664D2B598CF0007CE092 /* ResetPasswordVC.swift */,
				7153888A2B5998BC006D682F /* CreatAccntVC.swift */,
				714B0F6B2B696F7800570578 /* SelectionVC.swift */,
				7151DD752B6EB58D001B3018 /* LoginNC.swift */,
			);
			path = Auth;
			sourceTree = "<group>";
		};
		716F6FDB2B5ADD2F00049C1C /* Main */ = {
			isa = PBXGroup;
			children = (
				716F6FDC2B5ADD5A00049C1C /* TabbarController.swift */,
				7144BD522B6EA0A000767374 /* HomeTab */,
			);
			path = Main;
			sourceTree = "<group>";
		};
		71B3DC632B55A93D00A3615F = {
			isa = PBXGroup;
			children = (
				7131D9962B92D765005DE42E /* GoogleService-Info.plist */,
				71B3DC6E2B55A93D00A3615F /* Resturants */,
				71B3DC6D2B55A93D00A3615F /* Products */,
				2A7CB6FEFDE89927A55B648F /* Pods */,
				17CA4BF1533BA9C394426D57 /* Frameworks */,
			);
			sourceTree = "<group>";
		};
		71B3DC6D2B55A93D00A3615F /* Products */ = {
			isa = PBXGroup;
			children = (
				71B3DC6C2B55A93D00A3615F /* Resturants.app */,
			);
			name = Products;
			sourceTree = "<group>";
		};
		71B3DC6E2B55A93D00A3615F /* Resturants */ = {
			isa = PBXGroup;
			children = (
				71C6A9C52B694CA000E19808 /* Cell */,
				71B3DC832B55AB5600A3615F /* Manager */,
				71B3DC842B55AB6600A3615F /* Helper */,
				71B3DC852B55AB8A00A3615F /* Utilities */,
				71B3DC862B55ABC700A3615F /* Extension */,
				71B3DC872B55ABEF00A3615F /* Resource */,
				71B3DC882B55AC2D00A3615F /* StroyBoard */,
				71B3DC892B55AC9F00A3615F /* Screens */,
				71B3DC8A2B55ACB800A3615F /* Cell */,
				71B3DC8B2B55ACD700A3615F /* Application */,
				71B3DC782B55A94000A3615F /* Assets.xcassets */,
				71B3DC7D2B55A94000A3615F /* Info.plist */,
			);
			path = Resturants;
			sourceTree = "<group>";
		};
		71B3DC832B55AB5600A3615F /* Manager */ = {
			isa = PBXGroup;
			children = (
				71B3DC8F2B55AFC000A3615F /* Manager.swift */,
			);
			path = Manager;
			sourceTree = "<group>";
		};
		71B3DC842B55AB6600A3615F /* Helper */ = {
			isa = PBXGroup;
			children = (
			);
			path = Helper;
			sourceTree = "<group>";
		};
		71B3DC852B55AB8A00A3615F /* Utilities */ = {
			isa = PBXGroup;
			children = (
				71B3DC912B55AFF900A3615F /* Constant.swift */,
				71B3DC932B55B08000A3615F /* UserDefults.swift */,
				71B3DC952B55B0F100A3615F /* BaseStrings.swift */,
			);
			path = Utilities;
			sourceTree = "<group>";
		};
		71B3DC862B55ABC700A3615F /* Extension */ = {
			isa = PBXGroup;
			children = (
				71B3DC972B55B15300A3615F /* Controller+Extension.swift */,
				71B3DC992B55B17400A3615F /* UIColor+Extension.swift */,
				71B3DC9B2B55B19C00A3615F /* UIView+Extension.swift */,
				71B3DC9D2B55B1B500A3615F /* BaseClass.swift */,
				71B3DC9F2B55B1F100A3615F /* BaseViewModel.swift */,
				71B3DCA12B55B20A00A3615F /* String+extension.swift */,
				716F6FDE2B5ADDC900049C1C /* CustomTabBar.swift */,
				7131D9942B92CCC4005DE42E /* CameraConfiguration.swift */,
				46C4A0992B93290100F27C8F /* VideoEditor.swift */,
				4626306C2B995E5D00A4E7D1 /* CameraLiveCapture.swift */,
				462630702B9A11F000A4E7D1 /* VIdeoCapture.swift */,
				462630792B9AA2F600A4E7D1 /* CameraDelegate */,
			);
			path = Extension;
			sourceTree = "<group>";
		};
		71B3DC872B55ABEF00A3615F /* Resource */ = {
			isa = PBXGroup;
			children = (
				71B3DCA32B55B24300A3615F /* Fonts */,
			);
			path = Resource;
			sourceTree = "<group>";
		};
		71B3DC882B55AC2D00A3615F /* StroyBoard */ = {
			isa = PBXGroup;
			children = (
				71B3DCA42B55B25800A3615F /* Auth.storyboard */,
				7153888C2B59A368006D682F /* TabbarController.storyboard */,
				7153888E2B59A381006D682F /* Home.storyboard */,
				715388902B59A3B5006D682F /* Search.storyboard */,
				715388922B59A3D2006D682F /* Add.storyboard */,
				715388942B59A3E1006D682F /* Video.storyboard */,
				715388962B59A3EF006D682F /* Profile.storyboard */,
			);
			path = StroyBoard;
			sourceTree = "<group>";
		};
		71B3DC892B55AC9F00A3615F /* Screens */ = {
			isa = PBXGroup;
			children = (
				71B3DC8C2B55AF5F00A3615F /* ViewModel */,
				71B3DC8D2B55AF6800A3615F /* View */,
				71B3DC8E2B55AF7600A3615F /* Model */,
			);
			path = Screens;
			sourceTree = "<group>";
		};
		71B3DC8A2B55ACB800A3615F /* Cell */ = {
			isa = PBXGroup;
			children = (
			);
			path = Cell;
			sourceTree = "<group>";
		};
		71B3DC8B2B55ACD700A3615F /* Application */ = {
			isa = PBXGroup;
			children = (
				71B3DC7A2B55A94000A3615F /* LaunchScreen.storyboard */,
				71B3DC6F2B55A93D00A3615F /* AppDelegate.swift */,
				71B3DC712B55A93D00A3615F /* SceneDelegate.swift */,
			);
			path = Application;
			sourceTree = "<group>";
		};
		71B3DC8C2B55AF5F00A3615F /* ViewModel */ = {
			isa = PBXGroup;
			children = (
			);
			path = ViewModel;
			sourceTree = "<group>";
		};
		71B3DC8D2B55AF6800A3615F /* View */ = {
			isa = PBXGroup;
			children = (
				716F6FDB2B5ADD2F00049C1C /* Main */,
				716F6FDA2B5ADD2400049C1C /* Auth */,
			);
			path = View;
			sourceTree = "<group>";
		};
		71B3DC8E2B55AF7600A3615F /* Model */ = {
			isa = PBXGroup;
			children = (
			);
			path = Model;
			sourceTree = "<group>";
		};
		71B3DCA32B55B24300A3615F /* Fonts */ = {
			isa = PBXGroup;
			children = (
				716D49952B570CD40077F47D /* Inter-VariableFont_slnt,wght.ttf */,
			);
			path = Fonts;
			sourceTree = "<group>";
		};
		71C6A9C52B694CA000E19808 /* Cell */ = {
			isa = PBXGroup;
			children = (
				46C4A0942B93240E00F27C8F /* FilterCCell */,
				714B0F6D2B69700700570578 /* selectionTCell */,
				71C6A9CB2B695F1400E19808 /* AddDataCell */,
				71C6A9C62B694CBD00E19808 /* CollectionCell */,
				4625A17B2B98D8B000C763DD /* FrameFilterCell.swift */,
				4625A17C2B98D8B000C763DD /* FrameFilterCell.xib */,
			);
			path = Cell;
			sourceTree = "<group>";
		};
		71C6A9C62B694CBD00E19808 /* CollectionCell */ = {
			isa = PBXGroup;
			children = (
				71C6A9C72B694CF200E19808 /* CollectionCell.swift */,
				71C6A9C82B694CF200E19808 /* CollectionCell.xib */,
			);
			name = CollectionCell;
			sourceTree = "<group>";
		};
		71C6A9CB2B695F1400E19808 /* AddDataCell */ = {
			isa = PBXGroup;
			children = (
				71C6A9CC2B695F3300E19808 /* AddDataCell.swift */,
				71C6A9CD2B695F3300E19808 /* AddDataCell.xib */,
			);
			name = AddDataCell;
			sourceTree = "<group>";
		};
/* End PBXGroup section */

/* Begin PBXNativeTarget section */
		71B3DC6B2B55A93D00A3615F /* Resturants */ = {
			isa = PBXNativeTarget;
			buildConfigurationList = 71B3DC802B55A94000A3615F /* Build configuration list for PBXNativeTarget "Resturants" */;
			buildPhases = (
				4E698EA4F671B1F9BF769389 /* [CP] Check Pods Manifest.lock */,
				71B3DC682B55A93D00A3615F /* Sources */,
				71B3DC692B55A93D00A3615F /* Frameworks */,
				71B3DC6A2B55A93D00A3615F /* Resources */,
				1486144ACCDB5C1264BDC233 /* [CP] Embed Pods Frameworks */,
			);
			buildRules = (
			);
			dependencies = (
			);
			name = Resturants;
			productName = Resturants;
			productReference = 71B3DC6C2B55A93D00A3615F /* Resturants.app */;
			productType = "com.apple.product-type.application";
		};
/* End PBXNativeTarget section */

/* Begin PBXProject section */
		71B3DC642B55A93D00A3615F /* Project object */ = {
			isa = PBXProject;
			attributes = {
				BuildIndependentTargetsInParallel = 1;
				LastSwiftUpdateCheck = 1420;
				LastUpgradeCheck = 1420;
				TargetAttributes = {
					71B3DC6B2B55A93D00A3615F = {
						CreatedOnToolsVersion = 14.2;
					};
				};
			};
			buildConfigurationList = 71B3DC672B55A93D00A3615F /* Build configuration list for PBXProject "Resturants" */;
			compatibilityVersion = "Xcode 14.0";
			developmentRegion = en;
			hasScannedForEncodings = 0;
			knownRegions = (
				en,
				Base,
			);
			mainGroup = 71B3DC632B55A93D00A3615F;
			productRefGroup = 71B3DC6D2B55A93D00A3615F /* Products */;
			projectDirPath = "";
			projectRoot = "";
			targets = (
				71B3DC6B2B55A93D00A3615F /* Resturants */,
			);
		};
/* End PBXProject section */

/* Begin PBXResourcesBuildPhase section */
		71B3DC6A2B55A93D00A3615F /* Resources */ = {
			isa = PBXResourcesBuildPhase;
			buildActionMask = 2147483647;
			files = (
				716D49962B570CD40077F47D /* Inter-VariableFont_slnt,wght.ttf in Resources */,
				71B3DCA52B55B25800A3615F /* Auth.storyboard in Resources */,
				7131D9972B92D766005DE42E /* GoogleService-Info.plist in Resources */,
				715388972B59A3EF006D682F /* Profile.storyboard in Resources */,
				7153888D2B59A368006D682F /* TabbarController.storyboard in Resources */,
				4625A17E2B98D8B000C763DD /* FrameFilterCell.xib in Resources */,
				7153888F2B59A381006D682F /* Home.storyboard in Resources */,
				715388912B59A3B5006D682F /* Search.storyboard in Resources */,
				71B3DC7C2B55A94000A3615F /* LaunchScreen.storyboard in Resources */,
				715388932B59A3D2006D682F /* Add.storyboard in Resources */,
				71C6A9CA2B694CF200E19808 /* CollectionCell.xib in Resources */,
				714B0F712B69703B00570578 /* SelectioTCell.xib in Resources */,
				71B3DC792B55A94000A3615F /* Assets.xcassets in Resources */,
				46C4A0982B93245300F27C8F /* FilterCCell.xib in Resources */,
				715388952B59A3E1006D682F /* Video.storyboard in Resources */,
				71C6A9CF2B695F3300E19808 /* AddDataCell.xib in Resources */,
			);
			runOnlyForDeploymentPostprocessing = 0;
		};
/* End PBXResourcesBuildPhase section */

/* Begin PBXShellScriptBuildPhase section */
		1486144ACCDB5C1264BDC233 /* [CP] Embed Pods Frameworks */ = {
			isa = PBXShellScriptBuildPhase;
			buildActionMask = 2147483647;
			files = (
			);
			inputFileListPaths = (
				"${PODS_ROOT}/Target Support Files/Pods-Resturants/Pods-Resturants-frameworks-${CONFIGURATION}-input-files.xcfilelist",
			);
			name = "[CP] Embed Pods Frameworks";
			outputFileListPaths = (
				"${PODS_ROOT}/Target Support Files/Pods-Resturants/Pods-Resturants-frameworks-${CONFIGURATION}-output-files.xcfilelist",
			);
			runOnlyForDeploymentPostprocessing = 0;
			shellPath = /bin/sh;
			shellScript = "\"${PODS_ROOT}/Target Support Files/Pods-Resturants/Pods-Resturants-frameworks.sh\"\n";
			showEnvVarsInLog = 0;
		};
		4E698EA4F671B1F9BF769389 /* [CP] Check Pods Manifest.lock */ = {
			isa = PBXShellScriptBuildPhase;
			buildActionMask = 2147483647;
			files = (
			);
			inputFileListPaths = (
			);
			inputPaths = (
				"${PODS_PODFILE_DIR_PATH}/Podfile.lock",
				"${PODS_ROOT}/Manifest.lock",
			);
			name = "[CP] Check Pods Manifest.lock";
			outputFileListPaths = (
			);
			outputPaths = (
				"$(DERIVED_FILE_DIR)/Pods-Resturants-checkManifestLockResult.txt",
			);
			runOnlyForDeploymentPostprocessing = 0;
			shellPath = /bin/sh;
			shellScript = "diff \"${PODS_PODFILE_DIR_PATH}/Podfile.lock\" \"${PODS_ROOT}/Manifest.lock\" > /dev/null\nif [ $? != 0 ] ; then\n    # print error to STDERR\n    echo \"error: The sandbox is not in sync with the Podfile.lock. Run 'pod install' or update your CocoaPods installation.\" >&2\n    exit 1\nfi\n# This output is used by Xcode 'outputs' to avoid re-running this script phase.\necho \"SUCCESS\" > \"${SCRIPT_OUTPUT_FILE_0}\"\n";
			showEnvVarsInLog = 0;
		};
/* End PBXShellScriptBuildPhase section */

/* Begin PBXSourcesBuildPhase section */
		71B3DC682B55A93D00A3615F /* Sources */ = {
			isa = PBXSourcesBuildPhase;
			buildActionMask = 2147483647;
			files = (
				462630812B9AA3D600A4E7D1 /* CaptureError.swift in Sources */,
				46C4A0972B93245300F27C8F /* FilterCCell.swift in Sources */,
				71B3DC702B55A93D00A3615F /* AppDelegate.swift in Sources */,
				715166462B598903007CE092 /* CrtProfile2VC.swift in Sources */,
				4626307D2B9AA38F00A4E7D1 /* RecorderDelegate.swift in Sources */,
				46C820F92B930179007E543F /* EditVideoVC.swift in Sources */,
				714B0F702B69703B00570578 /* SelectioTCell.swift in Sources */,
				7144BD512B6E983100767374 /* HomeVC.swift in Sources */,
				7153888B2B5998BC006D682F /* CreatAccntVC.swift in Sources */,
				7151664E2B598CF0007CE092 /* ResetPasswordVC.swift in Sources */,
				462630712B9A11F000A4E7D1 /* VIdeoCapture.swift in Sources */,
				71B3DCA02B55B1F100A3615F /* BaseViewModel.swift in Sources */,
				71B3DC9E2B55B1B500A3615F /* BaseClass.swift in Sources */,
				715166482B598961007CE092 /* CrtProfile3VC.swift in Sources */,
				71B3DC962B55B0F100A3615F /* BaseStrings.swift in Sources */,
				7119F63A2B8B7DFF00FA8579 /* VideoRecordingVC.swift in Sources */,
				715166442B5985E1007CE092 /* CrtProfile1VC.swift in Sources */,
				71B3DC902B55AFC000A3615F /* Manager.swift in Sources */,
				462630852B9AA40700A4E7D1 /* FrameRateCalculator.swift in Sources */,
				7131D9952B92CCC4005DE42E /* CameraConfiguration.swift in Sources */,
				4626307F2B9AA3B800A4E7D1 /* Capture.swift in Sources */,
				7151664C2B598989007CE092 /* CrtProfile5VC.swift in Sources */,
				71B3DC9C2B55B19C00A3615F /* UIView+Extension.swift in Sources */,
				7151DD762B6EB58D001B3018 /* LoginNC.swift in Sources */,
				71B3DC722B55A93D00A3615F /* SceneDelegate.swift in Sources */,
				716F6FDD2B5ADD5A00049C1C /* TabbarController.swift in Sources */,
				462630832B9AA3ED00A4E7D1 /* Composer.swift in Sources */,
				4626307B2B9AA36F00A4E7D1 /* RecorderError.swift in Sources */,
				716F6FDF2B5ADDC900049C1C /* CustomTabBar.swift in Sources */,
				46C4A09A2B93290100F27C8F /* VideoEditor.swift in Sources */,
				7144BD542B6EA0CC00767374 /* MenuVC.swift in Sources */,
				714B0F6C2B696F7800570578 /* SelectionVC.swift in Sources */,
				71C6A9C92B694CF200E19808 /* CollectionCell.swift in Sources */,
				71B3DC982B55B15300A3615F /* Controller+Extension.swift in Sources */,
				71B3DCA22B55B20A00A3615F /* String+extension.swift in Sources */,
				71B3DC922B55AFF900A3615F /* Constant.swift in Sources */,
				71B3DC942B55B08000A3615F /* UserDefults.swift in Sources */,
				7151664A2B598972007CE092 /* CrtProfile4VC.swift in Sources */,
				4626306F2B99632900A4E7D1 /* CameraVC.swift in Sources */,
				4625A17D2B98D8B000C763DD /* FrameFilterCell.swift in Sources */,
				715166422B598537007CE092 /* LoginVC.swift in Sources */,
				71B3DC9A2B55B17400A3615F /* UIColor+Extension.swift in Sources */,
				71C6A9CE2B695F3300E19808 /* AddDataCell.swift in Sources */,
				462630782B9AA2E100A4E7D1 /* FilterCamViewCOntroller.swift in Sources */,
				4626306D2B995E5D00A4E7D1 /* CameraLiveCapture.swift in Sources */,
			);
			runOnlyForDeploymentPostprocessing = 0;
		};
/* End PBXSourcesBuildPhase section */

/* Begin PBXVariantGroup section */
		71B3DC7A2B55A94000A3615F /* LaunchScreen.storyboard */ = {
			isa = PBXVariantGroup;
			children = (
				71B3DC7B2B55A94000A3615F /* Base */,
			);
			name = LaunchScreen.storyboard;
			sourceTree = "<group>";
		};
/* End PBXVariantGroup section */

/* Begin XCBuildConfiguration section */
		71B3DC7E2B55A94000A3615F /* Debug */ = {
			isa = XCBuildConfiguration;
			buildSettings = {
				ALWAYS_SEARCH_USER_PATHS = NO;
				CLANG_ANALYZER_NONNULL = YES;
				CLANG_ANALYZER_NUMBER_OBJECT_CONVERSION = YES_AGGRESSIVE;
				CLANG_CXX_LANGUAGE_STANDARD = "gnu++20";
				CLANG_ENABLE_MODULES = YES;
				CLANG_ENABLE_OBJC_ARC = YES;
				CLANG_ENABLE_OBJC_WEAK = YES;
				CLANG_WARN_BLOCK_CAPTURE_AUTORELEASING = YES;
				CLANG_WARN_BOOL_CONVERSION = YES;
				CLANG_WARN_COMMA = YES;
				CLANG_WARN_CONSTANT_CONVERSION = YES;
				CLANG_WARN_DEPRECATED_OBJC_IMPLEMENTATIONS = YES;
				CLANG_WARN_DIRECT_OBJC_ISA_USAGE = YES_ERROR;
				CLANG_WARN_DOCUMENTATION_COMMENTS = YES;
				CLANG_WARN_EMPTY_BODY = YES;
				CLANG_WARN_ENUM_CONVERSION = YES;
				CLANG_WARN_INFINITE_RECURSION = YES;
				CLANG_WARN_INT_CONVERSION = YES;
				CLANG_WARN_NON_LITERAL_NULL_CONVERSION = YES;
				CLANG_WARN_OBJC_IMPLICIT_RETAIN_SELF = YES;
				CLANG_WARN_OBJC_LITERAL_CONVERSION = YES;
				CLANG_WARN_OBJC_ROOT_CLASS = YES_ERROR;
				CLANG_WARN_QUOTED_INCLUDE_IN_FRAMEWORK_HEADER = YES;
				CLANG_WARN_RANGE_LOOP_ANALYSIS = YES;
				CLANG_WARN_STRICT_PROTOTYPES = YES;
				CLANG_WARN_SUSPICIOUS_MOVE = YES;
				CLANG_WARN_UNGUARDED_AVAILABILITY = YES_AGGRESSIVE;
				CLANG_WARN_UNREACHABLE_CODE = YES;
				CLANG_WARN__DUPLICATE_METHOD_MATCH = YES;
				COPY_PHASE_STRIP = NO;
				DEBUG_INFORMATION_FORMAT = dwarf;
				ENABLE_STRICT_OBJC_MSGSEND = YES;
				ENABLE_TESTABILITY = YES;
				GCC_C_LANGUAGE_STANDARD = gnu11;
				GCC_DYNAMIC_NO_PIC = NO;
				GCC_NO_COMMON_BLOCKS = YES;
				GCC_OPTIMIZATION_LEVEL = 0;
				GCC_PREPROCESSOR_DEFINITIONS = (
					"DEBUG=1",
					"$(inherited)",
				);
				GCC_WARN_64_TO_32_BIT_CONVERSION = YES;
				GCC_WARN_ABOUT_RETURN_TYPE = YES_ERROR;
				GCC_WARN_UNDECLARED_SELECTOR = YES;
				GCC_WARN_UNINITIALIZED_AUTOS = YES_AGGRESSIVE;
				GCC_WARN_UNUSED_FUNCTION = YES;
				GCC_WARN_UNUSED_VARIABLE = YES;
				IPHONEOS_DEPLOYMENT_TARGET = 16.2;
				MTL_ENABLE_DEBUG_INFO = INCLUDE_SOURCE;
				MTL_FAST_MATH = YES;
				ONLY_ACTIVE_ARCH = YES;
				SDKROOT = iphoneos;
				SWIFT_ACTIVE_COMPILATION_CONDITIONS = DEBUG;
				SWIFT_OPTIMIZATION_LEVEL = "-Onone";
			};
			name = Debug;
		};
		71B3DC7F2B55A94000A3615F /* Release */ = {
			isa = XCBuildConfiguration;
			buildSettings = {
				ALWAYS_SEARCH_USER_PATHS = NO;
				CLANG_ANALYZER_NONNULL = YES;
				CLANG_ANALYZER_NUMBER_OBJECT_CONVERSION = YES_AGGRESSIVE;
				CLANG_CXX_LANGUAGE_STANDARD = "gnu++20";
				CLANG_ENABLE_MODULES = YES;
				CLANG_ENABLE_OBJC_ARC = YES;
				CLANG_ENABLE_OBJC_WEAK = YES;
				CLANG_WARN_BLOCK_CAPTURE_AUTORELEASING = YES;
				CLANG_WARN_BOOL_CONVERSION = YES;
				CLANG_WARN_COMMA = YES;
				CLANG_WARN_CONSTANT_CONVERSION = YES;
				CLANG_WARN_DEPRECATED_OBJC_IMPLEMENTATIONS = YES;
				CLANG_WARN_DIRECT_OBJC_ISA_USAGE = YES_ERROR;
				CLANG_WARN_DOCUMENTATION_COMMENTS = YES;
				CLANG_WARN_EMPTY_BODY = YES;
				CLANG_WARN_ENUM_CONVERSION = YES;
				CLANG_WARN_INFINITE_RECURSION = YES;
				CLANG_WARN_INT_CONVERSION = YES;
				CLANG_WARN_NON_LITERAL_NULL_CONVERSION = YES;
				CLANG_WARN_OBJC_IMPLICIT_RETAIN_SELF = YES;
				CLANG_WARN_OBJC_LITERAL_CONVERSION = YES;
				CLANG_WARN_OBJC_ROOT_CLASS = YES_ERROR;
				CLANG_WARN_QUOTED_INCLUDE_IN_FRAMEWORK_HEADER = YES;
				CLANG_WARN_RANGE_LOOP_ANALYSIS = YES;
				CLANG_WARN_STRICT_PROTOTYPES = YES;
				CLANG_WARN_SUSPICIOUS_MOVE = YES;
				CLANG_WARN_UNGUARDED_AVAILABILITY = YES_AGGRESSIVE;
				CLANG_WARN_UNREACHABLE_CODE = YES;
				CLANG_WARN__DUPLICATE_METHOD_MATCH = YES;
				COPY_PHASE_STRIP = NO;
				DEBUG_INFORMATION_FORMAT = "dwarf-with-dsym";
				ENABLE_NS_ASSERTIONS = NO;
				ENABLE_STRICT_OBJC_MSGSEND = YES;
				GCC_C_LANGUAGE_STANDARD = gnu11;
				GCC_NO_COMMON_BLOCKS = YES;
				GCC_WARN_64_TO_32_BIT_CONVERSION = YES;
				GCC_WARN_ABOUT_RETURN_TYPE = YES_ERROR;
				GCC_WARN_UNDECLARED_SELECTOR = YES;
				GCC_WARN_UNINITIALIZED_AUTOS = YES_AGGRESSIVE;
				GCC_WARN_UNUSED_FUNCTION = YES;
				GCC_WARN_UNUSED_VARIABLE = YES;
				IPHONEOS_DEPLOYMENT_TARGET = 16.2;
				MTL_ENABLE_DEBUG_INFO = NO;
				MTL_FAST_MATH = YES;
				SDKROOT = iphoneos;
				SWIFT_COMPILATION_MODE = wholemodule;
				SWIFT_OPTIMIZATION_LEVEL = "-O";
				VALIDATE_PRODUCT = YES;
			};
			name = Release;
		};
		71B3DC812B55A94000A3615F /* Debug */ = {
			isa = XCBuildConfiguration;
			baseConfigurationReference = 0765EEAB37660B15C93D653F /* Pods-Resturants.debug.xcconfig */;
			buildSettings = {
				ASSETCATALOG_COMPILER_APPICON_NAME = AppIcon;
				ASSETCATALOG_COMPILER_GLOBAL_ACCENT_COLOR_NAME = AccentColor;
				CODE_SIGN_STYLE = Automatic;
				CURRENT_PROJECT_VERSION = 1;
				DEVELOPMENT_TEAM = 6Q8962R8FR;
				GENERATE_INFOPLIST_FILE = YES;
				INFOPLIST_FILE = Resturants/Info.plist;
				INFOPLIST_KEY_UIApplicationSupportsIndirectInputEvents = YES;
				INFOPLIST_KEY_UILaunchStoryboardName = LaunchScreen;
				INFOPLIST_KEY_UIMainStoryboardFile = TabbarController;
				INFOPLIST_KEY_UISupportedInterfaceOrientations_iPad = "UIInterfaceOrientationPortrait UIInterfaceOrientationPortraitUpsideDown UIInterfaceOrientationLandscapeLeft UIInterfaceOrientationLandscapeRight";
				INFOPLIST_KEY_UISupportedInterfaceOrientations_iPhone = "UIInterfaceOrientationPortrait UIInterfaceOrientationLandscapeLeft UIInterfaceOrientationLandscapeRight";
				IPHONEOS_DEPLOYMENT_TARGET = 14.0;
				LD_RUNPATH_SEARCH_PATHS = (
					"$(inherited)",
					"@executable_path/Frameworks",
				);
				MARKETING_VERSION = 1.0;
				PRODUCT_BUNDLE_IDENTIFIER = com.codeWorld.Resturants;
				PRODUCT_NAME = "$(TARGET_NAME)";
				SUPPORTED_PLATFORMS = "iphoneos iphonesimulator";
				SUPPORTS_MACCATALYST = NO;
				SUPPORTS_MAC_DESIGNED_FOR_IPHONE_IPAD = NO;
				SWIFT_EMIT_LOC_STRINGS = YES;
				SWIFT_VERSION = 5.0;
				TARGETED_DEVICE_FAMILY = "1,2";
			};
			name = Debug;
		};
		71B3DC822B55A94000A3615F /* Release */ = {
			isa = XCBuildConfiguration;
			baseConfigurationReference = 99FFE8AA8B5C10B05EE45574 /* Pods-Resturants.release.xcconfig */;
			buildSettings = {
				ASSETCATALOG_COMPILER_APPICON_NAME = AppIcon;
				ASSETCATALOG_COMPILER_GLOBAL_ACCENT_COLOR_NAME = AccentColor;
				CODE_SIGN_STYLE = Automatic;
				CURRENT_PROJECT_VERSION = 1;
				DEVELOPMENT_TEAM = 6Q8962R8FR;
				GENERATE_INFOPLIST_FILE = YES;
				INFOPLIST_FILE = Resturants/Info.plist;
				INFOPLIST_KEY_UIApplicationSupportsIndirectInputEvents = YES;
				INFOPLIST_KEY_UILaunchStoryboardName = LaunchScreen;
				INFOPLIST_KEY_UIMainStoryboardFile = TabbarController;
				INFOPLIST_KEY_UISupportedInterfaceOrientations_iPad = "UIInterfaceOrientationPortrait UIInterfaceOrientationPortraitUpsideDown UIInterfaceOrientationLandscapeLeft UIInterfaceOrientationLandscapeRight";
				INFOPLIST_KEY_UISupportedInterfaceOrientations_iPhone = "UIInterfaceOrientationPortrait UIInterfaceOrientationLandscapeLeft UIInterfaceOrientationLandscapeRight";
				IPHONEOS_DEPLOYMENT_TARGET = 14.0;
				LD_RUNPATH_SEARCH_PATHS = (
					"$(inherited)",
					"@executable_path/Frameworks",
				);
				MARKETING_VERSION = 1.0;
				PRODUCT_BUNDLE_IDENTIFIER = com.codeWorld.Resturants;
				PRODUCT_NAME = "$(TARGET_NAME)";
				SUPPORTED_PLATFORMS = "iphoneos iphonesimulator";
				SUPPORTS_MACCATALYST = NO;
				SUPPORTS_MAC_DESIGNED_FOR_IPHONE_IPAD = NO;
				SWIFT_EMIT_LOC_STRINGS = YES;
				SWIFT_VERSION = 5.0;
				TARGETED_DEVICE_FAMILY = "1,2";
			};
			name = Release;
		};
/* End XCBuildConfiguration section */

/* Begin XCConfigurationList section */
		71B3DC672B55A93D00A3615F /* Build configuration list for PBXProject "Resturants" */ = {
			isa = XCConfigurationList;
			buildConfigurations = (
				71B3DC7E2B55A94000A3615F /* Debug */,
				71B3DC7F2B55A94000A3615F /* Release */,
			);
			defaultConfigurationIsVisible = 0;
			defaultConfigurationName = Release;
		};
		71B3DC802B55A94000A3615F /* Build configuration list for PBXNativeTarget "Resturants" */ = {
			isa = XCConfigurationList;
			buildConfigurations = (
				71B3DC812B55A94000A3615F /* Debug */,
				71B3DC822B55A94000A3615F /* Release */,
			);
			defaultConfigurationIsVisible = 0;
			defaultConfigurationName = Release;
		};
/* End XCConfigurationList section */
	};
	rootObject = 71B3DC642B55A93D00A3615F /* Project object */;
}
